{
  "name": "flizz-badge",
  "version": "1.0.0",
  "lockfileVersion": 1,
  "requires": true,
  "dependencies": {
    "etch": {
      "version": "0.12.8",
      "resolved": "https://registry.npmjs.org/etch/-/etch-0.12.8.tgz",
      "integrity": "sha512-dFLRe4wLroVtwzyy1vGlE3BSDZHiL0kZME5XgNGzZIULcYTvVno8vbiIleAesoKJmwWaxDTzG+4eppg2zk14JQ=="
    },
    "etch-atom": {
      "version": "0.1.4",
      "resolved": "https://registry.npmjs.org/etch-atom/-/etch-atom-0.1.4.tgz",
      "integrity": "sha1-qqOS1+U5BvAiDrHDiian8/3sSbw=",
      "requires": {
        "etch": "^0.12.1"
      }
    }
  }
}
